
Microsoft Visual Studio Solution File, Format Version 12.00
# Visual Studio Version 16
VisualStudioVersion = 16.0.29709.97
MinimumVisualStudioVersion = 10.0.40219.1
Project("{FAE04EC0-301F-11D3-BF4B-00C04F79EFBC}") = "New_AUB", "New_AUB\New_AUB.csproj", "{F7882AD9-97EE-4B73-87D3-683B07750A25}"
EndProject
Global
	GlobalSection(SolutionConfigurationPlatforms) = preSolution
		Debug|Any CPU = Debug|Any CPU
		Release|Any CPU = Release|Any CPU
	EndGlobalSection
	GlobalSection(ProjectConfigurationPlatforms) = postSolution
		{F7882AD9-97EE-4B73-87D3-683B07750A25}.Debug|Any CPU.ActiveCfg = Debug|Any CPU
		{F7882AD9-97EE-4B73-87D3-683B07750A25}.Debug|Any CPU.Build.0 = Debug|Any CPU
		{F7882AD9-97EE-4B73-87D3-683B07750A25}.Release|Any CPU.ActiveCfg = Release|Any CPU
		{F7882AD9-97EE-4B73-87D3-683B07750A25}.Release|Any CPU.Build.0 = Release|Any CPU
	EndGlobalSection
	GlobalSection(SolutionProperties) = preSolution
		HideSolutionNode = FALSE
	EndGlobalSection
	GlobalSection(ExtensibilityGlobals) = postSolution
		SolutionGuid = {9F7F7162-3FAE-4346-BFD4-0C9852BB5A23}
	EndGlobalSection
EndGlobal
